
Microsoft Visual Studio Solution File, Format Version 12.00
# Visual Studio Version 16
VisualStudioVersion = 16.0.31515.178
MinimumVisualStudioVersion = 10.0.40219.1
Project("{F184B08F-C81C-45F6-A57F-5ABD9991F28F}") = "Capstone-Backend--devCodeCamp", "Capstone-Backend--devCodeCamp.vbproj", "{14019137-A45C-478B-BDE3-AF82A83C94A1}"
EndProject
Global
	GlobalSection(SolutionConfigurationPlatforms) = preSolution
		Debug|Any CPU = Debug|Any CPU
		Release|Any CPU = Release|Any CPU
	EndGlobalSection
	GlobalSection(ProjectConfigurationPlatforms) = postSolution
		{14019137-A45C-478B-BDE3-AF82A83C94A1}.Debug|Any CPU.ActiveCfg = Debug|Any CPU
		{14019137-A45C-478B-BDE3-AF82A83C94A1}.Debug|Any CPU.Build.0 = Debug|Any CPU
		{14019137-A45C-478B-BDE3-AF82A83C94A1}.Release|Any CPU.ActiveCfg = Release|Any CPU
		{14019137-A45C-478B-BDE3-AF82A83C94A1}.Release|Any CPU.Build.0 = Release|Any CPU
	EndGlobalSection
	GlobalSection(SolutionProperties) = preSolution
		HideSolutionNode = FALSE
	EndGlobalSection
	GlobalSection(ExtensibilityGlobals) = postSolution
		SolutionGuid = {81102D05-BE5F-4121-A2D0-F49D71E5A2F0}
	EndGlobalSection
EndGlobal
